# THIS IS AN AUTOGENERATED FILE. DO NOT EDIT THIS FILE DIRECTLY.
# yarn lockfile v1


"@types/lodash@^4.14.171":
  version "4.14.171"
  resolved "https://registry.yarnpkg.com/@types/lodash/-/lodash-4.14.171.tgz#f01b3a5fe3499e34b622c362a46a609fdb23573b"
  integrity sha512-7eQ2xYLLI/LsicL2nejW9Wyko3lcpN6O/z0ZLHrEQsg280zIdCv1t/0m6UtBjUHokCGBQ3gYTbHzDkZ1xOBwwg==

"@types/node@^16.4.0":
  version "16.4.0"
  resolved "https://registry.yarnpkg.com/@types/node/-/node-16.4.0.tgz#2c219eaa3b8d1e4d04f4dd6e40bc68c7467d5272"
  integrity sha512-HrJuE7Mlqcjj+00JqMWpZ3tY8w7EUd+S0U3L1+PQSWiXZbOgyQDvi+ogoUxaHApPJq5diKxYBQwA3iIlNcPqOg==

"@types/wcwidth@^1.0.0":
  version "1.0.0"
  resolved "https://registry.yarnpkg.com/@types/wcwidth/-/wcwidth-1.0.0.tgz#a58f4673050f98c46ae8f852340889343b21a1f5"
  integrity sha512-X/WFfwGCIisEnd9EOSsX/jt7BHPDkcvQVYwVzc1nsE2K5bC56mWKnmNs0wyjcGcQsP7Wxq2zWSmhDDbF5Z7dDg==

clone@^1.0.2:
  version "1.0.4"
  resolved "https://registry.yarnpkg.com/clone/-/clone-1.0.4.tgz#da309cc263df15994c688ca902179ca3c7cd7c7e"
  integrity sha1-2jCcwmPfFZlMaIypAheco8fNfH4=

defaults@^1.0.3:
  version "1.0.3"
  resolved "https://registry.yarnpkg.com/defaults/-/defaults-1.0.3.tgz#c656051e9817d9ff08ed881477f3fe4019f3ef7d"
  integrity sha1-xlYFHpgX2f8I7YgUd/P+QBnz730=
  dependencies:
    clone "^1.0.2"

lodash@^4.17.21:
  version "4.17.21"
  resolved "https://registry.yarnpkg.com/lodash/-/lodash-4.17.21.tgz#679591c564c3bffaae8454cf0b3df370c3d6911c"
  integrity sha512-v2kDEe57lecTulaDIuNTPy3Ry4gLGJ6Z1O3vE1krgXZNrsQ+LFTGHVxVjcXPs17LhbZVGedAJv8XZ1tvj5FvSg==

prettier@^2.3.2:
  version "2.3.2"
  resolved "https://registry.yarnpkg.com/prettier/-/prettier-2.3.2.tgz#ef280a05ec253712e486233db5c6f23441e7342d"
  integrity sha512-lnJzDfJ66zkMy58OL5/NY5zp70S7Nz6KqcKkXYzn2tMVrNxvbqaBpg7H3qHaLxCJ5lNMsGuM8+ohS7cZrthdLQ==

typescript@^4.3.5:
  version "4.3.5"
  resolved "https://registry.yarnpkg.com/typescript/-/typescript-4.3.5.tgz#4d1c37cc16e893973c45a06886b7113234f119f4"
  integrity sha512-DqQgihaQ9cUrskJo9kIyW/+g0Vxsk8cDtZ52a3NGh0YNTfpUSArXSohyUGnvbPazEPLu398C0UxmKSOrPumUzA==

wcwidth@^1.0.1:
  version "1.0.1"
  resolved "https://registry.yarnpkg.com/wcwidth/-/wcwidth-1.0.1.tgz#f0b0dcf915bc5ff1528afadb2c0e17b532da2fe8"
  integrity sha1-8LDc+RW8X/FSivrbLA4XtTLaL+g=
  dependencies:
    defaults "^1.0.3"
